
Microsoft Visual Studio Solution File, Format Version 12.00
# Visual Studio Version 16
VisualStudioVersion = 16.0.34031.81
MinimumVisualStudioVersion = 10.0.40219.1
Project("{2150E333-8FDC-42A3-9474-1A3956D46DE8}") = "Task0", "Task0", "{F81C0F77-BD55-4CC5-A074-1EEC4A133948}"
EndProject
Project("{FAE04EC0-301F-11D3-BF4B-00C04F79EFBC}") = "Tyuiu.SamarAA.Sprint1.Task0.V18", "Tyuiu.SamarAA.Sprint1.Task0.V0\Tyuiu.SamarAA.Sprint1.Task0.V18.csproj", "{21004F01-78F7-417B-A0EB-5D84587AC3B3}"
EndProject
Project("{FAE04EC0-301F-11D3-BF4B-00C04F79EFBC}") = "Tyuiu.SamarAA.Sprint1.Task0.V18.Lib", "Tyuiu.SamarAA.Sprint1.Task0.V0.Lib\Tyuiu.SamarAA.Sprint1.Task0.V18.Lib.csproj", "{C8C11608-A48B-4183-9F10-2E1884393F19}"
EndProject
Project("{FAE04EC0-301F-11D3-BF4B-00C04F79EFBC}") = "Tyuiu.SamarAA.Sprint1.Task0.V18.Test", "Tyuiu.SamarAA.Sprint1.Task0.V0.Test\Tyuiu.SamarAA.Sprint1.Task0.V18.Test.csproj", "{83DD5659-57FB-4E4D-8054-A0DF0983F6A4}"
EndProject
Project("{2150E333-8FDC-42A3-9474-1A3956D46DE8}") = "Task1", "Task1", "{E4E39504-5A6D-4AA9-9819-6C797457A8CC}"
EndProject
Project("{FAE04EC0-301F-11D3-BF4B-00C04F79EFBC}") = "Tyuiu.SamarAA.Sprint1.Task1.V4", "Tyuiu.SamarAA.Sprint1.Task1.V4\Tyuiu.SamarAA.Sprint1.Task1.V4.csproj", "{83E9FA00-A949-4489-96AE-8EE355621A08}"
EndProject
Project("{FAE04EC0-301F-11D3-BF4B-00C04F79EFBC}") = "Tyuiu.SamarAA.Sprint1.Task1.V4.Lib", "Tyuiu.SamarAA.Sprint1.Task1.V4.Lib\Tyuiu.SamarAA.Sprint1.Task1.V4.Lib.csproj", "{1D2E8BD9-3908-486F-AFDB-10D8B7A025F8}"
EndProject
Project("{FAE04EC0-301F-11D3-BF4B-00C04F79EFBC}") = "Tyuiu.SamarAA.Sprint1.Task1.V4.Test", "Tyuiu.SamarAA.Sprint1.Task1.V4.Test\Tyuiu.SamarAA.Sprint1.Task1.V4.Test.csproj", "{9423A5C1-0056-4B7F-B76D-BDBA0EB82C31}"
EndProject
Project("{2150E333-8FDC-42A3-9474-1A3956D46DE8}") = "Task2", "Task2", "{867DD501-9649-4188-BDCC-98995F2E1C0A}"
EndProject
Project("{FAE04EC0-301F-11D3-BF4B-00C04F79EFBC}") = "Tyuiu.SamarAA.Sprint1.Task2.V16", "Tyuiu.SamarAA.Sprint1.Task2.V16\Tyuiu.SamarAA.Sprint1.Task2.V16.csproj", "{2417356E-FD13-4A74-A7FB-7D4069B72448}"
EndProject
Project("{FAE04EC0-301F-11D3-BF4B-00C04F79EFBC}") = "Tyuiu.SamarAA.Sprint1.Task2.V16.Lib", "Tyuiu.SamarAA.Sprint1.Task2.V16.Lib\Tyuiu.SamarAA.Sprint1.Task2.V16.Lib.csproj", "{75E9D1D1-AF98-47D1-A699-608B88E8A561}"
EndProject
Project("{FAE04EC0-301F-11D3-BF4B-00C04F79EFBC}") = "Tyuiu.SamarAA.Sprint1.Task2.V16.Test", "Tyuiu.SamarAA.Sprint1.Task2.V16.Test\Tyuiu.SamarAA.Sprint1.Task2.V16.Test.csproj", "{8604597E-11F3-4457-BF71-C7F8B543390E}"
EndProject
Global
	GlobalSection(SolutionConfigurationPlatforms) = preSolution
		Debug|Any CPU = Debug|Any CPU
		Release|Any CPU = Release|Any CPU
	EndGlobalSection
	GlobalSection(ProjectConfigurationPlatforms) = postSolution
		{21004F01-78F7-417B-A0EB-5D84587AC3B3}.Debug|Any CPU.ActiveCfg = Debug|Any CPU
		{21004F01-78F7-417B-A0EB-5D84587AC3B3}.Debug|Any CPU.Build.0 = Debug|Any CPU
		{21004F01-78F7-417B-A0EB-5D84587AC3B3}.Release|Any CPU.ActiveCfg = Release|Any CPU
		{21004F01-78F7-417B-A0EB-5D84587AC3B3}.Release|Any CPU.Build.0 = Release|Any CPU
		{C8C11608-A48B-4183-9F10-2E1884393F19}.Debug|Any CPU.ActiveCfg = Debug|Any CPU
		{C8C11608-A48B-4183-9F10-2E1884393F19}.Debug|Any CPU.Build.0 = Debug|Any CPU
		{C8C11608-A48B-4183-9F10-2E1884393F19}.Release|Any CPU.ActiveCfg = Release|Any CPU
		{C8C11608-A48B-4183-9F10-2E1884393F19}.Release|Any CPU.Build.0 = Release|Any CPU
		{83DD5659-57FB-4E4D-8054-A0DF0983F6A4}.Debug|Any CPU.ActiveCfg = Debug|Any CPU
		{83DD5659-57FB-4E4D-8054-A0DF0983F6A4}.Debug|Any CPU.Build.0 = Debug|Any CPU
		{83DD5659-57FB-4E4D-8054-A0DF0983F6A4}.Release|Any CPU.ActiveCfg = Release|Any CPU
		{83DD5659-57FB-4E4D-8054-A0DF0983F6A4}.Release|Any CPU.Build.0 = Release|Any CPU
		{83E9FA00-A949-4489-96AE-8EE355621A08}.Debug|Any CPU.ActiveCfg = Debug|Any CPU
		{83E9FA00-A949-4489-96AE-8EE355621A08}.Debug|Any CPU.Build.0 = Debug|Any CPU
		{83E9FA00-A949-4489-96AE-8EE355621A08}.Release|Any CPU.ActiveCfg = Release|Any CPU
		{83E9FA00-A949-4489-96AE-8EE355621A08}.Release|Any CPU.Build.0 = Release|Any CPU
		{1D2E8BD9-3908-486F-AFDB-10D8B7A025F8}.Debug|Any CPU.ActiveCfg = Debug|Any CPU
		{1D2E8BD9-3908-486F-AFDB-10D8B7A025F8}.Debug|Any CPU.Build.0 = Debug|Any CPU
		{1D2E8BD9-3908-486F-AFDB-10D8B7A025F8}.Release|Any CPU.ActiveCfg = Release|Any CPU
		{1D2E8BD9-3908-486F-AFDB-10D8B7A025F8}.Release|Any CPU.Build.0 = Release|Any CPU
		{9423A5C1-0056-4B7F-B76D-BDBA0EB82C31}.Debug|Any CPU.ActiveCfg = Debug|Any CPU
		{9423A5C1-0056-4B7F-B76D-BDBA0EB82C31}.Debug|Any CPU.Build.0 = Debug|Any CPU
		{9423A5C1-0056-4B7F-B76D-BDBA0EB82C31}.Release|Any CPU.ActiveCfg = Release|Any CPU
		{9423A5C1-0056-4B7F-B76D-BDBA0EB82C31}.Release|Any CPU.Build.0 = Release|Any CPU
		{2417356E-FD13-4A74-A7FB-7D4069B72448}.Debug|Any CPU.ActiveCfg = Debug|Any CPU
		{2417356E-FD13-4A74-A7FB-7D4069B72448}.Debug|Any CPU.Build.0 = Debug|Any CPU
		{2417356E-FD13-4A74-A7FB-7D4069B72448}.Release|Any CPU.ActiveCfg = Release|Any CPU
		{2417356E-FD13-4A74-A7FB-7D4069B72448}.Release|Any CPU.Build.0 = Release|Any CPU
		{75E9D1D1-AF98-47D1-A699-608B88E8A561}.Debug|Any CPU.ActiveCfg = Debug|Any CPU
		{75E9D1D1-AF98-47D1-A699-608B88E8A561}.Debug|Any CPU.Build.0 = Debug|Any CPU
		{75E9D1D1-AF98-47D1-A699-608B88E8A561}.Release|Any CPU.ActiveCfg = Release|Any CPU
		{75E9D1D1-AF98-47D1-A699-608B88E8A561}.Release|Any CPU.Build.0 = Release|Any CPU
		{8604597E-11F3-4457-BF71-C7F8B543390E}.Debug|Any CPU.ActiveCfg = Debug|Any CPU
		{8604597E-11F3-4457-BF71-C7F8B543390E}.Debug|Any CPU.Build.0 = Debug|Any CPU
		{8604597E-11F3-4457-BF71-C7F8B543390E}.Release|Any CPU.ActiveCfg = Release|Any CPU
		{8604597E-11F3-4457-BF71-C7F8B543390E}.Release|Any CPU.Build.0 = Release|Any CPU
	EndGlobalSection
	GlobalSection(SolutionProperties) = preSolution
		HideSolutionNode = FALSE
	EndGlobalSection
	GlobalSection(NestedProjects) = preSolution
		{21004F01-78F7-417B-A0EB-5D84587AC3B3} = {F81C0F77-BD55-4CC5-A074-1EEC4A133948}
		{C8C11608-A48B-4183-9F10-2E1884393F19} = {F81C0F77-BD55-4CC5-A074-1EEC4A133948}
		{83DD5659-57FB-4E4D-8054-A0DF0983F6A4} = {F81C0F77-BD55-4CC5-A074-1EEC4A133948}
		{83E9FA00-A949-4489-96AE-8EE355621A08} = {E4E39504-5A6D-4AA9-9819-6C797457A8CC}
		{1D2E8BD9-3908-486F-AFDB-10D8B7A025F8} = {E4E39504-5A6D-4AA9-9819-6C797457A8CC}
		{9423A5C1-0056-4B7F-B76D-BDBA0EB82C31} = {E4E39504-5A6D-4AA9-9819-6C797457A8CC}
		{2417356E-FD13-4A74-A7FB-7D4069B72448} = {867DD501-9649-4188-BDCC-98995F2E1C0A}
		{75E9D1D1-AF98-47D1-A699-608B88E8A561} = {867DD501-9649-4188-BDCC-98995F2E1C0A}
		{8604597E-11F3-4457-BF71-C7F8B543390E} = {867DD501-9649-4188-BDCC-98995F2E1C0A}
	EndGlobalSection
	GlobalSection(ExtensibilityGlobals) = postSolution
		SolutionGuid = {84077418-C811-4453-BEB3-23B254B205CA}
	EndGlobalSection
EndGlobal
