
Microsoft Visual Studio Solution File, Format Version 12.00
# Visual Studio Version 16
VisualStudioVersion = 16.0.34031.81
MinimumVisualStudioVersion = 10.0.40219.1
Project("{2150E333-8FDC-42A3-9474-1A3956D46DE8}") = "Task0", "Task0", "{F81C0F77-BD55-4CC5-A074-1EEC4A133948}"
EndProject
Project("{FAE04EC0-301F-11D3-BF4B-00C04F79EFBC}") = "Tyuiu.SamarAA.Sprint1.Task0.V18", "Tyuiu.SamarAA.Sprint1.Task0.V0\Tyuiu.SamarAA.Sprint1.Task0.V18.csproj", "{21004F01-78F7-417B-A0EB-5D84587AC3B3}"
EndProject
Project("{FAE04EC0-301F-11D3-BF4B-00C04F79EFBC}") = "Tyuiu.SamarAA.Sprint1.Task0.V18.Lib", "Tyuiu.SamarAA.Sprint1.Task0.V0.Lib\Tyuiu.SamarAA.Sprint1.Task0.V18.Lib.csproj", "{C8C11608-A48B-4183-9F10-2E1884393F19}"
EndProject
Project("{FAE04EC0-301F-11D3-BF4B-00C04F79EFBC}") = "Tyuiu.SamarAA.Sprint1.Task0.V18.Test", "Tyuiu.SamarAA.Sprint1.Task0.V0.Test\Tyuiu.SamarAA.Sprint1.Task0.V18.Test.csproj", "{83DD5659-57FB-4E4D-8054-A0DF0983F6A4}"
EndProject
Project("{2150E333-8FDC-42A3-9474-1A3956D46DE8}") = "Task1", "Task1", "{E4E39504-5A6D-4AA9-9819-6C797457A8CC}"
EndProject
Project("{FAE04EC0-301F-11D3-BF4B-00C04F79EFBC}") = "Tyuiu.SamarAA.Sprint1.Task1.V4", "Tyuiu.SamarAA.Sprint1.Task1.V4\Tyuiu.SamarAA.Sprint1.Task1.V4.csproj", "{83E9FA00-A949-4489-96AE-8EE355621A08}"
EndProject
Project("{FAE04EC0-301F-11D3-BF4B-00C04F79EFBC}") = "Tyuiu.SamarAA.Sprint1.Task1.V4.Lib", "Tyuiu.SamarAA.Sprint1.Task1.V4.Lib\Tyuiu.SamarAA.Sprint1.Task1.V4.Lib.csproj", "{1D2E8BD9-3908-486F-AFDB-10D8B7A025F8}"
EndProject
Project("{FAE04EC0-301F-11D3-BF4B-00C04F79EFBC}") = "Tyuiu.SamarAA.Sprint1.Task1.V4.Test", "Tyuiu.SamarAA.Sprint1.Task1.V4.Test\Tyuiu.SamarAA.Sprint1.Task1.V4.Test.csproj", "{9423A5C1-0056-4B7F-B76D-BDBA0EB82C31}"
EndProject
Project("{2150E333-8FDC-42A3-9474-1A3956D46DE8}") = "Task2", "Task2", "{867DD501-9649-4188-BDCC-98995F2E1C0A}"
EndProject
Project("{FAE04EC0-301F-11D3-BF4B-00C04F79EFBC}") = "Tyuiu.SamarAA.Sprint1.Task2.V16", "Tyuiu.SamarAA.Sprint1.Task2.V16\Tyuiu.SamarAA.Sprint1.Task2.V16.csproj", "{2417356E-FD13-4A74-A7FB-7D4069B72448}"
EndProject
Project("{FAE04EC0-301F-11D3-BF4B-00C04F79EFBC}") = "Tyuiu.SamarAA.Sprint1.Task2.V16.Lib", "Tyuiu.SamarAA.Sprint1.Task2.V16.Lib\Tyuiu.SamarAA.Sprint1.Task2.V16.Lib.csproj", "{75E9D1D1-AF98-47D1-A699-608B88E8A561}"
EndProject
Project("{FAE04EC0-301F-11D3-BF4B-00C04F79EFBC}") = "Tyuiu.SamarAA.Sprint1.Task2.V16.Test", "Tyuiu.SamarAA.Sprint1.Task2.V16.Test\Tyuiu.SamarAA.Sprint1.Task2.V16.Test.csproj", "{8604597E-11F3-4457-BF71-C7F8B543390E}"
EndProject
Project("{2150E333-8FDC-42A3-9474-1A3956D46DE8}") = "Task3", "Task3", "{62D88FEB-5098-4913-8840-151A56D6D1E1}"
EndProject
Project("{FAE04EC0-301F-11D3-BF4B-00C04F79EFBC}") = "Tyuiu.SamarAA.Sprint1.Task3.V9", "Tyuiu.SamarAA.Sprint1.Task3.V9\Tyuiu.SamarAA.Sprint1.Task3.V9.csproj", "{F498C2A4-8A66-4324-A1B5-328B88BE065D}"
EndProject
Project("{FAE04EC0-301F-11D3-BF4B-00C04F79EFBC}") = "Tyuiu.SamarAA.Sprint1.Task3.V9.Lib", "Tyuiu.SamarAA.Sprint1.Task3.V9.Lib\Tyuiu.SamarAA.Sprint1.Task3.V9.Lib.csproj", "{6EB4A8E7-ACF2-4997-B164-EC447F756B51}"
EndProject
Project("{FAE04EC0-301F-11D3-BF4B-00C04F79EFBC}") = "Tyuiu.SamarAA.Sprint1.Task3.V9.Test", "Tyuiu.SamarAA.Sprint1.Task3.V9.Test\Tyuiu.SamarAA.Sprint1.Task3.V9.Test.csproj", "{364F600C-0D71-4B75-AB66-E57A71889A72}"
EndProject
Project("{2150E333-8FDC-42A3-9474-1A3956D46DE8}") = "Task4", "Task4", "{63A5C818-2D23-47D2-ADE4-F1B942688560}"
EndProject
Project("{FAE04EC0-301F-11D3-BF4B-00C04F79EFBC}") = "Tyuiu.SamarAA.Sprint1.Task4.V2", "Tyuiu.SamarAA.Sprint1.Task4.V2\Tyuiu.SamarAA.Sprint1.Task4.V2.csproj", "{4F8F6C6F-AFA6-4507-AA97-612ADBD467EA}"
EndProject
Project("{FAE04EC0-301F-11D3-BF4B-00C04F79EFBC}") = "Tyuiu.SamarAA.Sprint1.Task4.V2.Lib", "Tyuiu.SamarAA.Sprint1.Task4.V2.Lib\Tyuiu.SamarAA.Sprint1.Task4.V2.Lib.csproj", "{CDD107C7-0073-482D-899B-0161F7177EEE}"
EndProject
Project("{FAE04EC0-301F-11D3-BF4B-00C04F79EFBC}") = "Tyuiu.SamarAA.Sprint1.Task4.V2.Test", "Tyuiu.SamarAA.Sprint1.Task4.V2.Test\Tyuiu.SamarAA.Sprint1.Task4.V2.Test.csproj", "{624C08CF-E468-4D90-A52C-5F899657E613}"
EndProject
Project("{2150E333-8FDC-42A3-9474-1A3956D46DE8}") = "Task5", "Task5", "{1A486FDE-E733-4A88-8BFA-FF202E028F13}"
EndProject
Project("{FAE04EC0-301F-11D3-BF4B-00C04F79EFBC}") = "Tyuiu.SamarAA.Sprint1.Task5.V1", "Tyuiu.SamarAA.Sprint1.Task5.V1\Tyuiu.SamarAA.Sprint1.Task5.V1.csproj", "{5AAC7F8F-05CE-4A29-8B7B-4EA79B8AFA85}"
EndProject
Project("{FAE04EC0-301F-11D3-BF4B-00C04F79EFBC}") = "Tyuiu.SamarAA.Sprint1.Task5.V1.Lib", "Tyuiu.SamarAA.Sprint1.Task5.V1.Lib\Tyuiu.SamarAA.Sprint1.Task5.V1.Lib.csproj", "{F4866F6E-CFED-4DBA-830B-ADD4F2CC96D2}"
EndProject
Project("{FAE04EC0-301F-11D3-BF4B-00C04F79EFBC}") = "Tyuiu.SamarAA.Sprint1.Task5.V1.Test", "Tyuiu.SamarAA.Sprint1.Task5.V1.Test\Tyuiu.SamarAA.Sprint1.Task5.V1.Test.csproj", "{D2E45FEB-5781-4B72-BF39-F0E4F2DEB00C}"
EndProject
Project("{2150E333-8FDC-42A3-9474-1A3956D46DE8}") = "Task6", "Task6", "{301C57EA-33C3-4B9A-A4A1-52367AA1D161}"
EndProject
Project("{FAE04EC0-301F-11D3-BF4B-00C04F79EFBC}") = "Tyuiu.SamarAA.Sprint1.Task6.V8", "Tyuiu.SamarAA.Sprint1.Task6.V8\Tyuiu.SamarAA.Sprint1.Task6.V8.csproj", "{6A1F1C35-4A78-4175-8B4E-9AFA20D2518F}"
EndProject
Project("{FAE04EC0-301F-11D3-BF4B-00C04F79EFBC}") = "Tyuiu.SamarAA.Sprint1.Task6.V8.Lib", "Tyuiu.SamarAA.Sprint1.Task6.V8.Lib\Tyuiu.SamarAA.Sprint1.Task6.V8.Lib.csproj", "{273E9619-0AEB-4156-8962-8F8DCC3F6AC4}"
EndProject
Project("{FAE04EC0-301F-11D3-BF4B-00C04F79EFBC}") = "Tyuiu.SamarAA.Sprint1.Task6.V8.Test", "Tyuiu.SamarAA.Sprint1.Task6.V8.Test\Tyuiu.SamarAA.Sprint1.Task6.V8.Test.csproj", "{517D8428-DBD5-48F1-BE5F-6BC874538266}"
EndProject
Global
	GlobalSection(SolutionConfigurationPlatforms) = preSolution
		Debug|Any CPU = Debug|Any CPU
		Release|Any CPU = Release|Any CPU
	EndGlobalSection
	GlobalSection(ProjectConfigurationPlatforms) = postSolution
		{21004F01-78F7-417B-A0EB-5D84587AC3B3}.Debug|Any CPU.ActiveCfg = Debug|Any CPU
		{21004F01-78F7-417B-A0EB-5D84587AC3B3}.Debug|Any CPU.Build.0 = Debug|Any CPU
		{21004F01-78F7-417B-A0EB-5D84587AC3B3}.Release|Any CPU.ActiveCfg = Release|Any CPU
		{21004F01-78F7-417B-A0EB-5D84587AC3B3}.Release|Any CPU.Build.0 = Release|Any CPU
		{C8C11608-A48B-4183-9F10-2E1884393F19}.Debug|Any CPU.ActiveCfg = Debug|Any CPU
		{C8C11608-A48B-4183-9F10-2E1884393F19}.Debug|Any CPU.Build.0 = Debug|Any CPU
		{C8C11608-A48B-4183-9F10-2E1884393F19}.Release|Any CPU.ActiveCfg = Release|Any CPU
		{C8C11608-A48B-4183-9F10-2E1884393F19}.Release|Any CPU.Build.0 = Release|Any CPU
		{83DD5659-57FB-4E4D-8054-A0DF0983F6A4}.Debug|Any CPU.ActiveCfg = Debug|Any CPU
		{83DD5659-57FB-4E4D-8054-A0DF0983F6A4}.Debug|Any CPU.Build.0 = Debug|Any CPU
		{83DD5659-57FB-4E4D-8054-A0DF0983F6A4}.Release|Any CPU.ActiveCfg = Release|Any CPU
		{83DD5659-57FB-4E4D-8054-A0DF0983F6A4}.Release|Any CPU.Build.0 = Release|Any CPU
		{83E9FA00-A949-4489-96AE-8EE355621A08}.Debug|Any CPU.ActiveCfg = Debug|Any CPU
		{83E9FA00-A949-4489-96AE-8EE355621A08}.Debug|Any CPU.Build.0 = Debug|Any CPU
		{83E9FA00-A949-4489-96AE-8EE355621A08}.Release|Any CPU.ActiveCfg = Release|Any CPU
		{83E9FA00-A949-4489-96AE-8EE355621A08}.Release|Any CPU.Build.0 = Release|Any CPU
		{1D2E8BD9-3908-486F-AFDB-10D8B7A025F8}.Debug|Any CPU.ActiveCfg = Debug|Any CPU
		{1D2E8BD9-3908-486F-AFDB-10D8B7A025F8}.Debug|Any CPU.Build.0 = Debug|Any CPU
		{1D2E8BD9-3908-486F-AFDB-10D8B7A025F8}.Release|Any CPU.ActiveCfg = Release|Any CPU
		{1D2E8BD9-3908-486F-AFDB-10D8B7A025F8}.Release|Any CPU.Build.0 = Release|Any CPU
		{9423A5C1-0056-4B7F-B76D-BDBA0EB82C31}.Debug|Any CPU.ActiveCfg = Debug|Any CPU
		{9423A5C1-0056-4B7F-B76D-BDBA0EB82C31}.Debug|Any CPU.Build.0 = Debug|Any CPU
		{9423A5C1-0056-4B7F-B76D-BDBA0EB82C31}.Release|Any CPU.ActiveCfg = Release|Any CPU
		{9423A5C1-0056-4B7F-B76D-BDBA0EB82C31}.Release|Any CPU.Build.0 = Release|Any CPU
		{2417356E-FD13-4A74-A7FB-7D4069B72448}.Debug|Any CPU.ActiveCfg = Debug|Any CPU
		{2417356E-FD13-4A74-A7FB-7D4069B72448}.Debug|Any CPU.Build.0 = Debug|Any CPU
		{2417356E-FD13-4A74-A7FB-7D4069B72448}.Release|Any CPU.ActiveCfg = Release|Any CPU
		{2417356E-FD13-4A74-A7FB-7D4069B72448}.Release|Any CPU.Build.0 = Release|Any CPU
		{75E9D1D1-AF98-47D1-A699-608B88E8A561}.Debug|Any CPU.ActiveCfg = Debug|Any CPU
		{75E9D1D1-AF98-47D1-A699-608B88E8A561}.Debug|Any CPU.Build.0 = Debug|Any CPU
		{75E9D1D1-AF98-47D1-A699-608B88E8A561}.Release|Any CPU.ActiveCfg = Release|Any CPU
		{75E9D1D1-AF98-47D1-A699-608B88E8A561}.Release|Any CPU.Build.0 = Release|Any CPU
		{8604597E-11F3-4457-BF71-C7F8B543390E}.Debug|Any CPU.ActiveCfg = Debug|Any CPU
		{8604597E-11F3-4457-BF71-C7F8B543390E}.Debug|Any CPU.Build.0 = Debug|Any CPU
		{8604597E-11F3-4457-BF71-C7F8B543390E}.Release|Any CPU.ActiveCfg = Release|Any CPU
		{8604597E-11F3-4457-BF71-C7F8B543390E}.Release|Any CPU.Build.0 = Release|Any CPU
		{F498C2A4-8A66-4324-A1B5-328B88BE065D}.Debug|Any CPU.ActiveCfg = Debug|Any CPU
		{F498C2A4-8A66-4324-A1B5-328B88BE065D}.Debug|Any CPU.Build.0 = Debug|Any CPU
		{F498C2A4-8A66-4324-A1B5-328B88BE065D}.Release|Any CPU.ActiveCfg = Release|Any CPU
		{F498C2A4-8A66-4324-A1B5-328B88BE065D}.Release|Any CPU.Build.0 = Release|Any CPU
		{6EB4A8E7-ACF2-4997-B164-EC447F756B51}.Debug|Any CPU.ActiveCfg = Debug|Any CPU
		{6EB4A8E7-ACF2-4997-B164-EC447F756B51}.Debug|Any CPU.Build.0 = Debug|Any CPU
		{6EB4A8E7-ACF2-4997-B164-EC447F756B51}.Release|Any CPU.ActiveCfg = Release|Any CPU
		{6EB4A8E7-ACF2-4997-B164-EC447F756B51}.Release|Any CPU.Build.0 = Release|Any CPU
		{364F600C-0D71-4B75-AB66-E57A71889A72}.Debug|Any CPU.ActiveCfg = Debug|Any CPU
		{364F600C-0D71-4B75-AB66-E57A71889A72}.Debug|Any CPU.Build.0 = Debug|Any CPU
		{364F600C-0D71-4B75-AB66-E57A71889A72}.Release|Any CPU.ActiveCfg = Release|Any CPU
		{364F600C-0D71-4B75-AB66-E57A71889A72}.Release|Any CPU.Build.0 = Release|Any CPU
		{4F8F6C6F-AFA6-4507-AA97-612ADBD467EA}.Debug|Any CPU.ActiveCfg = Debug|Any CPU
		{4F8F6C6F-AFA6-4507-AA97-612ADBD467EA}.Debug|Any CPU.Build.0 = Debug|Any CPU
		{4F8F6C6F-AFA6-4507-AA97-612ADBD467EA}.Release|Any CPU.ActiveCfg = Release|Any CPU
		{4F8F6C6F-AFA6-4507-AA97-612ADBD467EA}.Release|Any CPU.Build.0 = Release|Any CPU
		{CDD107C7-0073-482D-899B-0161F7177EEE}.Debug|Any CPU.ActiveCfg = Debug|Any CPU
		{CDD107C7-0073-482D-899B-0161F7177EEE}.Debug|Any CPU.Build.0 = Debug|Any CPU
		{CDD107C7-0073-482D-899B-0161F7177EEE}.Release|Any CPU.ActiveCfg = Release|Any CPU
		{CDD107C7-0073-482D-899B-0161F7177EEE}.Release|Any CPU.Build.0 = Release|Any CPU
		{624C08CF-E468-4D90-A52C-5F899657E613}.Debug|Any CPU.ActiveCfg = Debug|Any CPU
		{624C08CF-E468-4D90-A52C-5F899657E613}.Debug|Any CPU.Build.0 = Debug|Any CPU
		{624C08CF-E468-4D90-A52C-5F899657E613}.Release|Any CPU.ActiveCfg = Release|Any CPU
		{624C08CF-E468-4D90-A52C-5F899657E613}.Release|Any CPU.Build.0 = Release|Any CPU
		{5AAC7F8F-05CE-4A29-8B7B-4EA79B8AFA85}.Debug|Any CPU.ActiveCfg = Debug|Any CPU
		{5AAC7F8F-05CE-4A29-8B7B-4EA79B8AFA85}.Debug|Any CPU.Build.0 = Debug|Any CPU
		{5AAC7F8F-05CE-4A29-8B7B-4EA79B8AFA85}.Release|Any CPU.ActiveCfg = Release|Any CPU
		{5AAC7F8F-05CE-4A29-8B7B-4EA79B8AFA85}.Release|Any CPU.Build.0 = Release|Any CPU
		{F4866F6E-CFED-4DBA-830B-ADD4F2CC96D2}.Debug|Any CPU.ActiveCfg = Debug|Any CPU
		{F4866F6E-CFED-4DBA-830B-ADD4F2CC96D2}.Debug|Any CPU.Build.0 = Debug|Any CPU
		{F4866F6E-CFED-4DBA-830B-ADD4F2CC96D2}.Release|Any CPU.ActiveCfg = Release|Any CPU
		{F4866F6E-CFED-4DBA-830B-ADD4F2CC96D2}.Release|Any CPU.Build.0 = Release|Any CPU
		{D2E45FEB-5781-4B72-BF39-F0E4F2DEB00C}.Debug|Any CPU.ActiveCfg = Debug|Any CPU
		{D2E45FEB-5781-4B72-BF39-F0E4F2DEB00C}.Debug|Any CPU.Build.0 = Debug|Any CPU
		{D2E45FEB-5781-4B72-BF39-F0E4F2DEB00C}.Release|Any CPU.ActiveCfg = Release|Any CPU
		{D2E45FEB-5781-4B72-BF39-F0E4F2DEB00C}.Release|Any CPU.Build.0 = Release|Any CPU
		{6A1F1C35-4A78-4175-8B4E-9AFA20D2518F}.Debug|Any CPU.ActiveCfg = Debug|Any CPU
		{6A1F1C35-4A78-4175-8B4E-9AFA20D2518F}.Debug|Any CPU.Build.0 = Debug|Any CPU
		{6A1F1C35-4A78-4175-8B4E-9AFA20D2518F}.Release|Any CPU.ActiveCfg = Release|Any CPU
		{6A1F1C35-4A78-4175-8B4E-9AFA20D2518F}.Release|Any CPU.Build.0 = Release|Any CPU
		{273E9619-0AEB-4156-8962-8F8DCC3F6AC4}.Debug|Any CPU.ActiveCfg = Debug|Any CPU
		{273E9619-0AEB-4156-8962-8F8DCC3F6AC4}.Debug|Any CPU.Build.0 = Debug|Any CPU
		{273E9619-0AEB-4156-8962-8F8DCC3F6AC4}.Release|Any CPU.ActiveCfg = Release|Any CPU
		{273E9619-0AEB-4156-8962-8F8DCC3F6AC4}.Release|Any CPU.Build.0 = Release|Any CPU
		{517D8428-DBD5-48F1-BE5F-6BC874538266}.Debug|Any CPU.ActiveCfg = Debug|Any CPU
		{517D8428-DBD5-48F1-BE5F-6BC874538266}.Debug|Any CPU.Build.0 = Debug|Any CPU
		{517D8428-DBD5-48F1-BE5F-6BC874538266}.Release|Any CPU.ActiveCfg = Release|Any CPU
		{517D8428-DBD5-48F1-BE5F-6BC874538266}.Release|Any CPU.Build.0 = Release|Any CPU
	EndGlobalSection
	GlobalSection(SolutionProperties) = preSolution
		HideSolutionNode = FALSE
	EndGlobalSection
	GlobalSection(NestedProjects) = preSolution
		{21004F01-78F7-417B-A0EB-5D84587AC3B3} = {F81C0F77-BD55-4CC5-A074-1EEC4A133948}
		{C8C11608-A48B-4183-9F10-2E1884393F19} = {F81C0F77-BD55-4CC5-A074-1EEC4A133948}
		{83DD5659-57FB-4E4D-8054-A0DF0983F6A4} = {F81C0F77-BD55-4CC5-A074-1EEC4A133948}
		{83E9FA00-A949-4489-96AE-8EE355621A08} = {E4E39504-5A6D-4AA9-9819-6C797457A8CC}
		{1D2E8BD9-3908-486F-AFDB-10D8B7A025F8} = {E4E39504-5A6D-4AA9-9819-6C797457A8CC}
		{9423A5C1-0056-4B7F-B76D-BDBA0EB82C31} = {E4E39504-5A6D-4AA9-9819-6C797457A8CC}
		{2417356E-FD13-4A74-A7FB-7D4069B72448} = {867DD501-9649-4188-BDCC-98995F2E1C0A}
		{75E9D1D1-AF98-47D1-A699-608B88E8A561} = {867DD501-9649-4188-BDCC-98995F2E1C0A}
		{8604597E-11F3-4457-BF71-C7F8B543390E} = {867DD501-9649-4188-BDCC-98995F2E1C0A}
		{F498C2A4-8A66-4324-A1B5-328B88BE065D} = {62D88FEB-5098-4913-8840-151A56D6D1E1}
		{6EB4A8E7-ACF2-4997-B164-EC447F756B51} = {62D88FEB-5098-4913-8840-151A56D6D1E1}
		{364F600C-0D71-4B75-AB66-E57A71889A72} = {62D88FEB-5098-4913-8840-151A56D6D1E1}
		{4F8F6C6F-AFA6-4507-AA97-612ADBD467EA} = {63A5C818-2D23-47D2-ADE4-F1B942688560}
		{CDD107C7-0073-482D-899B-0161F7177EEE} = {63A5C818-2D23-47D2-ADE4-F1B942688560}
		{624C08CF-E468-4D90-A52C-5F899657E613} = {63A5C818-2D23-47D2-ADE4-F1B942688560}
		{5AAC7F8F-05CE-4A29-8B7B-4EA79B8AFA85} = {1A486FDE-E733-4A88-8BFA-FF202E028F13}
		{F4866F6E-CFED-4DBA-830B-ADD4F2CC96D2} = {1A486FDE-E733-4A88-8BFA-FF202E028F13}
		{D2E45FEB-5781-4B72-BF39-F0E4F2DEB00C} = {1A486FDE-E733-4A88-8BFA-FF202E028F13}
		{6A1F1C35-4A78-4175-8B4E-9AFA20D2518F} = {301C57EA-33C3-4B9A-A4A1-52367AA1D161}
		{273E9619-0AEB-4156-8962-8F8DCC3F6AC4} = {301C57EA-33C3-4B9A-A4A1-52367AA1D161}
		{517D8428-DBD5-48F1-BE5F-6BC874538266} = {301C57EA-33C3-4B9A-A4A1-52367AA1D161}
	EndGlobalSection
	GlobalSection(ExtensibilityGlobals) = postSolution
		SolutionGuid = {84077418-C811-4453-BEB3-23B254B205CA}
	EndGlobalSection
EndGlobal
